// !$*UTF8*$!
{
	archiveVersion = 1;
	classes = {
	};
	objectVersion = 46;
	objects = {

/* Begin PBXBuildFile section */
		3A0FAD5117FAE3A7003D0C3E /* AppDelegate.m in Sources */ = {isa = PBXBuildFile; fileRef = 3A0FAD4017FAE3A7003D0C3E /* AppDelegate.m */; };
		3A0FAD5217FAE3A7003D0C3E /* Car.m in Sources */ = {isa = PBXBuildFile; fileRef = 3A0FAD4217FAE3A7003D0C3E /* Car.m */; };
		3A0FAD5317FAE3A7003D0C3E /* Driver.m in Sources */ = {isa = PBXBuildFile; fileRef = 3A0FAD4417FAE3A7003D0C3E /* Driver.m */; };
		3A0FAD5417FAE3A7003D0C3E /* Default-568h@2x.png in Resources */ = {isa = PBXBuildFile; fileRef = 3A0FAD4517FAE3A7003D0C3E /* Default-568h@2x.png */; };
		3A0FAD5517FAE3A7003D0C3E /* Default.png in Resources */ = {isa = PBXBuildFile; fileRef = 3A0FAD4617FAE3A7003D0C3E /* Default.png */; };
		3A0FAD5617FAE3A7003D0C3E /* Default@2x.png in Resources */ = {isa = PBXBuildFile; fileRef = 3A0FAD4717FAE3A7003D0C3E /* Default@2x.png */; };
		3A0FAD5817FAE3A7003D0C3E /* InfoPlist.strings in Resources */ = {isa = PBXBuildFile; fileRef = 3A0FAD4A17FAE3A7003D0C3E /* InfoPlist.strings */; };
		3A0FAD5917FAE3A7003D0C3E /* MainStoryboard.storyboard in Resources */ = {isa = PBXBuildFile; fileRef = 3A0FAD4C17FAE3A7003D0C3E /* MainStoryboard.storyboard */; };
		3A0FAD5A17FAE3A7003D0C3E /* main.m in Sources */ = {isa = PBXBuildFile; fileRef = 3A0FAD4E17FAE3A7003D0C3E /* main.m */; };
		3A0FAD5B17FAE3A7003D0C3E /* ViewController.m in Sources */ = {isa = PBXBuildFile; fileRef = 3A0FAD5017FAE3A7003D0C3E /* ViewController.m */; };
		3A1A207E18018B5B00CE2826 /* Foundation.framework in Frameworks */ = {isa = PBXBuildFile; fileRef = 3A49224017CE42DA00B01B2B /* Foundation.framework */; };
		3A1A207F18018E1C00CE2826 /* UIKit.framework in Frameworks */ = {isa = PBXBuildFile; fileRef = 3A49223E17CE42DA00B01B2B /* UIKit.framework */; };
		3A49224317CE42DA00B01B2B /* CoreGraphics.framework in Frameworks */ = {isa = PBXBuildFile; fileRef = 3A49224217CE42DA00B01B2B /* CoreGraphics.framework */; };
		3A9DB79B180594B40035BD9B /* ARTProgressView.m in Sources */ = {isa = PBXBuildFile; fileRef = 3A9DB79A180594B40035BD9B /* ARTProgressView.m */; };
/* End PBXBuildFile section */

/* Begin PBXFileReference section */
		3A0FAD3F17FAE3A7003D0C3E /* AppDelegate.h */ = {isa = PBXFileReference; fileEncoding = 4; lastKnownFileType = sourcecode.c.h; path = AppDelegate.h; sourceTree = "<group>"; };
		3A0FAD4017FAE3A7003D0C3E /* AppDelegate.m */ = {isa = PBXFileReference; fileEncoding = 4; lastKnownFileType = sourcecode.c.objc; path = AppDelegate.m; sourceTree = "<group>"; };
		3A0FAD4117FAE3A7003D0C3E /* Car.h */ = {isa = PBXFileReference; fileEncoding = 4; lastKnownFileType = sourcecode.c.h; lineEnding = 0; path = Car.h; sourceTree = "<group>"; xcLanguageSpecificationIdentifier = xcode.lang.objcpp; };
		3A0FAD4217FAE3A7003D0C3E /* Car.m */ = {isa = PBXFileReference; fileEncoding = 4; lastKnownFileType = sourcecode.c.objc; lineEnding = 0; path = Car.m; sourceTree = "<group>"; xcLanguageSpecificationIdentifier = xcode.lang.objc; };
		3A0FAD4317FAE3A7003D0C3E /* Driver.h */ = {isa = PBXFileReference; fileEncoding = 4; lastKnownFileType = sourcecode.c.h; path = Driver.h; sourceTree = "<group>"; };
		3A0FAD4417FAE3A7003D0C3E /* Driver.m */ = {isa = PBXFileReference; fileEncoding = 4; lastKnownFileType = sourcecode.c.objc; path = Driver.m; sourceTree = "<group>"; };
		3A0FAD4517FAE3A7003D0C3E /* Default-568h@2x.png */ = {isa = PBXFileReference; lastKnownFileType = image.png; path = "Default-568h@2x.png"; sourceTree = "<group>"; };
		3A0FAD4617FAE3A7003D0C3E /* Default.png */ = {isa = PBXFileReference; lastKnownFileType = image.png; path = Default.png; sourceTree = "<group>"; };
		3A0FAD4717FAE3A7003D0C3E /* Default@2x.png */ = {isa = PBXFileReference; lastKnownFileType = image.png; path = "Default@2x.png"; sourceTree = "<group>"; };
		3A0FAD4817FAE3A7003D0C3E /* DriverRest-Info.plist */ = {isa = PBXFileReference; fileEncoding = 4; lastKnownFileType = text.plist.xml; path = "DriverRest-Info.plist"; sourceTree = "<group>"; };
		3A0FAD4917FAE3A7003D0C3E /* DriverRest-Prefix.pch */ = {isa = PBXFileReference; fileEncoding = 4; lastKnownFileType = sourcecode.c.h; path = "DriverRest-Prefix.pch"; sourceTree = "<group>"; };
		3A0FAD4B17FAE3A7003D0C3E /* en */ = {isa = PBXFileReference; lastKnownFileType = text.plist.strings; name = en; path = en.lproj/InfoPlist.strings; sourceTree = "<group>"; };
		3A0FAD4D17FAE3A7003D0C3E /* en */ = {isa = PBXFileReference; lastKnownFileType = file.storyboard; name = en; path = en.lproj/MainStoryboard.storyboard; sourceTree = "<group>"; };
		3A0FAD4E17FAE3A7003D0C3E /* main.m */ = {isa = PBXFileReference; fileEncoding = 4; lastKnownFileType = sourcecode.c.objc; path = main.m; sourceTree = "<group>"; };
		3A0FAD4F17FAE3A7003D0C3E /* ViewController.h */ = {isa = PBXFileReference; fileEncoding = 4; lastKnownFileType = sourcecode.c.h; path = ViewController.h; sourceTree = "<group>"; };
		3A0FAD5017FAE3A7003D0C3E /* ViewController.m */ = {isa = PBXFileReference; fileEncoding = 4; lastKnownFileType = sourcecode.c.objc; lineEnding = 0; path = ViewController.m; sourceTree = "<group>"; xcLanguageSpecificationIdentifier = xcode.lang.objc; };
		3A49223B17CE42DA00B01B2B /* DriverRest.app */ = {isa = PBXFileReference; explicitFileType = wrapper.application; includeInIndex = 0; path = DriverRest.app; sourceTree = BUILT_PRODUCTS_DIR; };
		3A49223E17CE42DA00B01B2B /* UIKit.framework */ = {isa = PBXFileReference; lastKnownFileType = wrapper.framework; name = UIKit.framework; path = System/Library/Frameworks/UIKit.framework; sourceTree = SDKROOT; };
		3A49224017CE42DA00B01B2B /* Foundation.framework */ = {isa = PBXFileReference; lastKnownFileType = wrapper.framework; name = Foundation.framework; path = System/Library/Frameworks/Foundation.framework; sourceTree = SDKROOT; };
		3A49224217CE42DA00B01B2B /* CoreGraphics.framework */ = {isa = PBXFileReference; lastKnownFileType = wrapper.framework; name = CoreGraphics.framework; path = System/Library/Frameworks/CoreGraphics.framework; sourceTree = SDKROOT; };
		3A9DB799180594B40035BD9B /* ARTProgressView.h */ = {isa = PBXFileReference; fileEncoding = 4; lastKnownFileType = sourcecode.c.h; lineEnding = 0; path = ARTProgressView.h; sourceTree = "<group>"; xcLanguageSpecificationIdentifier = xcode.lang.objcpp; };
		3A9DB79A180594B40035BD9B /* ARTProgressView.m */ = {isa = PBXFileReference; fileEncoding = 4; lastKnownFileType = sourcecode.c.objc; lineEnding = 0; path = ARTProgressView.m; sourceTree = "<group>"; xcLanguageSpecificationIdentifier = xcode.lang.objc; };
/* End PBXFileReference section */

/* Begin PBXFrameworksBuildPhase section */
		3A49223817CE42DA00B01B2B /* Frameworks */ = {
			isa = PBXFrameworksBuildPhase;
			buildActionMask = 2147483647;
			files = (
				3A1A207F18018E1C00CE2826 /* UIKit.framework in Frameworks */,
				3A1A207E18018B5B00CE2826 /* Foundation.framework in Frameworks */,
				3A49224317CE42DA00B01B2B /* CoreGraphics.framework in Frameworks */,
			);
			runOnlyForDeploymentPostprocessing = 0;
		};
/* End PBXFrameworksBuildPhase section */

/* Begin PBXGroup section */
		3A0FAD3E17FAE3A7003D0C3E /* DriverRest */ = {
			isa = PBXGroup;
			children = (
				3A0FAD4317FAE3A7003D0C3E /* Driver.h */,
				3A0FAD4417FAE3A7003D0C3E /* Driver.m */,
				3A0FAD4117FAE3A7003D0C3E /* Car.h */,
				3A0FAD4217FAE3A7003D0C3E /* Car.m */,
				3A9DB799180594B40035BD9B /* ARTProgressView.h */,
				3A9DB79A180594B40035BD9B /* ARTProgressView.m */,
				3A0FAD3F17FAE3A7003D0C3E /* AppDelegate.h */,
				3A0FAD4017FAE3A7003D0C3E /* AppDelegate.m */,
				3A0FAD4C17FAE3A7003D0C3E /* MainStoryboard.storyboard */,
				3A0FAD4F17FAE3A7003D0C3E /* ViewController.h */,
				3A0FAD5017FAE3A7003D0C3E /* ViewController.m */,
				3A0FAD5C17FAE3B0003D0C3E /* Supporting Files */,
			);
			path = DriverRest;
			sourceTree = "<group>";
		};
		3A0FAD5C17FAE3B0003D0C3E /* Supporting Files */ = {
			isa = PBXGroup;
			children = (
				3A0FAD4817FAE3A7003D0C3E /* DriverRest-Info.plist */,
				3A0FAD4A17FAE3A7003D0C3E /* InfoPlist.strings */,
				3A0FAD4E17FAE3A7003D0C3E /* main.m */,
				3A0FAD4917FAE3A7003D0C3E /* DriverRest-Prefix.pch */,
				3A0FAD4617FAE3A7003D0C3E /* Default.png */,
				3A0FAD4717FAE3A7003D0C3E /* Default@2x.png */,
				3A0FAD4517FAE3A7003D0C3E /* Default-568h@2x.png */,
			);
			name = "Supporting Files";
			sourceTree = "<group>";
		};
		3A49223217CE42DA00B01B2B = {
			isa = PBXGroup;
			children = (
				3A0FAD3E17FAE3A7003D0C3E /* DriverRest */,
				3A49223D17CE42DA00B01B2B /* Frameworks */,
				3A49223C17CE42DA00B01B2B /* Products */,
			);
			sourceTree = "<group>";
		};
		3A49223C17CE42DA00B01B2B /* Products */ = {
			isa = PBXGroup;
			children = (
				3A49223B17CE42DA00B01B2B /* DriverRest.app */,
			);
			name = Products;
			sourceTree = "<group>";
		};
		3A49223D17CE42DA00B01B2B /* Frameworks */ = {
			isa = PBXGroup;
			children = (
				3A49223E17CE42DA00B01B2B /* UIKit.framework */,
				3A49224017CE42DA00B01B2B /* Foundation.framework */,
				3A49224217CE42DA00B01B2B /* CoreGraphics.framework */,
			);
			name = Frameworks;
			sourceTree = "<group>";
		};
/* End PBXGroup section */

/* Begin PBXNativeTarget section */
		3A49223A17CE42DA00B01B2B /* DriverRest */ = {
			isa = PBXNativeTarget;
			buildConfigurationList = 3A49225E17CE42DA00B01B2B /* Build configuration list for PBXNativeTarget "DriverRest" */;
			buildPhases = (
				3A49223717CE42DA00B01B2B /* Sources */,
				3A49223817CE42DA00B01B2B /* Frameworks */,
				3A49223917CE42DA00B01B2B /* Resources */,
			);
			buildRules = (
			);
			dependencies = (
			);
			name = DriverRest;
			productName = kvc;
			productReference = 3A49223B17CE42DA00B01B2B /* DriverRest.app */;
			productType = "com.apple.product-type.application";
		};
/* End PBXNativeTarget section */

/* Begin PBXProject section */
		3A49223317CE42DA00B01B2B /* Project object */ = {
			isa = PBXProject;
			attributes = {
				LastUpgradeCheck = 0500;
				ORGANIZATIONNAME = xyz;
			};
			buildConfigurationList = 3A49223617CE42DA00B01B2B /* Build configuration list for PBXProject "DriverRest" */;
			compatibilityVersion = "Xcode 3.2";
			developmentRegion = English;
			hasScannedForEncodings = 0;
			knownRegions = (
				en,
			);
			mainGroup = 3A49223217CE42DA00B01B2B;
			productRefGroup = 3A49223C17CE42DA00B01B2B /* Products */;
			projectDirPath = "";
			projectRoot = "";
			targets = (
				3A49223A17CE42DA00B01B2B /* DriverRest */,
			);
		};
/* End PBXProject section */

/* Begin PBXResourcesBuildPhase section */
		3A49223917CE42DA00B01B2B /* Resources */ = {
			isa = PBXResourcesBuildPhase;
			buildActionMask = 2147483647;
			files = (
				3A0FAD5417FAE3A7003D0C3E /* Default-568h@2x.png in Resources */,
				3A0FAD5517FAE3A7003D0C3E /* Default.png in Resources */,
				3A0FAD5617FAE3A7003D0C3E /* Default@2x.png in Resources */,
				3A0FAD5817FAE3A7003D0C3E /* InfoPlist.strings in Resources */,
				3A0FAD5917FAE3A7003D0C3E /* MainStoryboard.storyboard in Resources */,
			);
			runOnlyForDeploymentPostprocessing = 0;
		};
/* End PBXResourcesBuildPhase section */

/* Begin PBXSourcesBuildPhase section */
		3A49223717CE42DA00B01B2B /* Sources */ = {
			isa = PBXSourcesBuildPhase;
			buildActionMask = 2147483647;
			files = (
				3A0FAD5117FAE3A7003D0C3E /* AppDelegate.m in Sources */,
				3A0FAD5217FAE3A7003D0C3E /* Car.m in Sources */,
				3A0FAD5317FAE3A7003D0C3E /* Driver.m in Sources */,
				3A0FAD5A17FAE3A7003D0C3E /* main.m in Sources */,
				3A0FAD5B17FAE3A7003D0C3E /* ViewController.m in Sources */,
				3A9DB79B180594B40035BD9B /* ARTProgressView.m in Sources */,
			);
			runOnlyForDeploymentPostprocessing = 0;
		};
/* End PBXSourcesBuildPhase section */

/* Begin PBXVariantGroup section */
		3A0FAD4A17FAE3A7003D0C3E /* InfoPlist.strings */ = {
			isa = PBXVariantGroup;
			children = (
				3A0FAD4B17FAE3A7003D0C3E /* en */,
			);
			name = InfoPlist.strings;
			sourceTree = "<group>";
		};
		3A0FAD4C17FAE3A7003D0C3E /* MainStoryboard.storyboard */ = {
			isa = PBXVariantGroup;
			children = (
				3A0FAD4D17FAE3A7003D0C3E /* en */,
			);
			name = MainStoryboard.storyboard;
			sourceTree = "<group>";
		};
/* End PBXVariantGroup section */

/* Begin XCBuildConfiguration section */
		3A49225C17CE42DA00B01B2B /* Debug */ = {
			isa = XCBuildConfiguration;
			buildSettings = {
				ALWAYS_SEARCH_USER_PATHS = NO;
				CLANG_CXX_LANGUAGE_STANDARD = "gnu++0x";
				CLANG_CXX_LIBRARY = "libc++";
				CLANG_ENABLE_OBJC_ARC = YES;
				CLANG_WARN_CONSTANT_CONVERSION = YES;
				CLANG_WARN_EMPTY_BODY = YES;
				CLANG_WARN_ENUM_CONVERSION = YES;
				CLANG_WARN_INT_CONVERSION = YES;
				CLANG_WARN__DUPLICATE_METHOD_MATCH = YES;
				"CODE_SIGN_IDENTITY[sdk=iphoneos*]" = "iPhone Developer";
				COPY_PHASE_STRIP = NO;
				GCC_C_LANGUAGE_STANDARD = gnu99;
				GCC_DYNAMIC_NO_PIC = NO;
				GCC_OPTIMIZATION_LEVEL = 0;
				GCC_PREPROCESSOR_DEFINITIONS = (
					"DEBUG=1",
					"$(inherited)",
				);
				GCC_SYMBOLS_PRIVATE_EXTERN = NO;
				GCC_WARN_ABOUT_RETURN_TYPE = YES;
				GCC_WARN_UNINITIALIZED_AUTOS = YES;
				GCC_WARN_UNUSED_VARIABLE = YES;
				IPHONEOS_DEPLOYMENT_TARGET = 6.1;
				ONLY_ACTIVE_ARCH = YES;
				SDKROOT = iphoneos;
			};
			name = Debug;
		};
		3A49225D17CE42DA00B01B2B /* Release */ = {
			isa = XCBuildConfiguration;
			buildSettings = {
				ALWAYS_SEARCH_USER_PATHS = NO;
				CLANG_CXX_LANGUAGE_STANDARD = "gnu++0x";
				CLANG_CXX_LIBRARY = "libc++";
				CLANG_ENABLE_OBJC_ARC = YES;
				CLANG_WARN_CONSTANT_CONVERSION = YES;
				CLANG_WARN_EMPTY_BODY = YES;
				CLANG_WARN_ENUM_CONVERSION = YES;
				CLANG_WARN_INT_CONVERSION = YES;
				CLANG_WARN__DUPLICATE_METHOD_MATCH = YES;
				"CODE_SIGN_IDENTITY[sdk=iphoneos*]" = "iPhone Developer";
				COPY_PHASE_STRIP = YES;
				GCC_C_LANGUAGE_STANDARD = gnu99;
				GCC_WARN_ABOUT_RETURN_TYPE = YES;
				GCC_WARN_UNINITIALIZED_AUTOS = YES;
				GCC_WARN_UNUSED_VARIABLE = YES;
				IPHONEOS_DEPLOYMENT_TARGET = 6.1;
				OTHER_CFLAGS = "-DNS_BLOCK_ASSERTIONS=1";
				SDKROOT = iphoneos;
				VALIDATE_PRODUCT = YES;
			};
			name = Release;
		};
		3A49225F17CE42DA00B01B2B /* Debug */ = {
			isa = XCBuildConfiguration;
			buildSettings = {
				GCC_PRECOMPILE_PREFIX_HEADER = YES;
				GCC_PREFIX_HEADER = "DriverRest/DriverRest-Prefix.pch";
				INFOPLIST_FILE = "$(SRCROOT)/DriverRest/DriverRest-Info.plist";
				PRODUCT_NAME = DriverRest;
				WRAPPER_EXTENSION = app;
			};
			name = Debug;
		};
		3A49226017CE42DA00B01B2B /* Release */ = {
			isa = XCBuildConfiguration;
			buildSettings = {
				GCC_PRECOMPILE_PREFIX_HEADER = YES;
				GCC_PREFIX_HEADER = "DriverRest/DriverRest-Prefix.pch";
				INFOPLIST_FILE = "$(SRCROOT)/DriverRest/DriverRest-Info.plist";
				PRODUCT_NAME = DriverRest;
				WRAPPER_EXTENSION = app;
			};
			name = Release;
		};
/* End XCBuildConfiguration section */

/* Begin XCConfigurationList section */
		3A49223617CE42DA00B01B2B /* Build configuration list for PBXProject "DriverRest" */ = {
			isa = XCConfigurationList;
			buildConfigurations = (
				3A49225C17CE42DA00B01B2B /* Debug */,
				3A49225D17CE42DA00B01B2B /* Release */,
			);
			defaultConfigurationIsVisible = 0;
			defaultConfigurationName = Release;
		};
		3A49225E17CE42DA00B01B2B /* Build configuration list for PBXNativeTarget "DriverRest" */ = {
			isa = XCConfigurationList;
			buildConfigurations = (
				3A49225F17CE42DA00B01B2B /* Debug */,
				3A49226017CE42DA00B01B2B /* Release */,
			);
			defaultConfigurationIsVisible = 0;
			defaultConfigurationName = Release;
		};
/* End XCConfigurationList section */
	};
	rootObject = 3A49223317CE42DA00B01B2B /* Project object */;
}
